// !$*UTF8*$!
{
	archiveVersion = 1;
	classes = {
	};
	objectVersion = 48;
	objects = {

/* Begin PBXBuildFile section */
		5020946D1FE5A0360063EEF0 /* main.swift in Sources */ = {isa = PBXBuildFile; fileRef = 5020946C1FE5A0360063EEF0 /* main.swift */; };
		505EFB691FE5A10C001AC947 /* Xoroshiro128Plus.swift in Sources */ = {isa = PBXBuildFile; fileRef = 505EFB671FE5A10C001AC947 /* Xoroshiro128Plus.swift */; };
		505EFB6A1FE5A10C001AC947 /* Numberhelpers.swift in Sources */ = {isa = PBXBuildFile; fileRef = 505EFB681FE5A10C001AC947 /* Numberhelpers.swift */; };
		505EFB711FE5A126001AC947 /* Array+MergeSort.swift in Sources */ = {isa = PBXBuildFile; fileRef = 505EFB6B1FE5A125001AC947 /* Array+MergeSort.swift */; };
		505EFB721FE5A126001AC947 /* Array+HeapSort.swift in Sources */ = {isa = PBXBuildFile; fileRef = 505EFB6C1FE5A125001AC947 /* Array+HeapSort.swift */; };
		505EFB731FE5A126001AC947 /* Array+IntroSort.swift in Sources */ = {isa = PBXBuildFile; fileRef = 505EFB6D1FE5A125001AC947 /* Array+IntroSort.swift */; };
		505EFB741FE5A126001AC947 /* Array+InsertionSort.swift in Sources */ = {isa = PBXBuildFile; fileRef = 505EFB6E1FE5A125001AC947 /* Array+InsertionSort.swift */; };
		505EFB761FE5A126001AC947 /* Array+QuickSort.swift in Sources */ = {isa = PBXBuildFile; fileRef = 505EFB701FE5A126001AC947 /* Array+QuickSort.swift */; };
/* End PBXBuildFile section */

/* Begin PBXCopyFilesBuildPhase section */
		502094671FE5A0360063EEF0 /* CopyFiles */ = {
			isa = PBXCopyFilesBuildPhase;
			buildActionMask = 2147483647;
			dstPath = /usr/share/man/man1/;
			dstSubfolderSpec = 0;
			files = (
			);
			runOnlyForDeploymentPostprocessing = 1;
		};
/* End PBXCopyFilesBuildPhase section */

/* Begin PBXFileReference section */
		502094691FE5A0360063EEF0 /* IntroSortCompare */ = {isa = PBXFileReference; explicitFileType = "compiled.mach-o.executable"; includeInIndex = 0; path = IntroSortCompare; sourceTree = BUILT_PRODUCTS_DIR; };
		5020946C1FE5A0360063EEF0 /* main.swift */ = {isa = PBXFileReference; lastKnownFileType = sourcecode.swift; path = main.swift; sourceTree = "<group>"; };
		505EFB671FE5A10C001AC947 /* Xoroshiro128Plus.swift */ = {isa = PBXFileReference; fileEncoding = 4; lastKnownFileType = sourcecode.swift; path = Xoroshiro128Plus.swift; sourceTree = "<group>"; };
		505EFB681FE5A10C001AC947 /* Numberhelpers.swift */ = {isa = PBXFileReference; fileEncoding = 4; lastKnownFileType = sourcecode.swift; path = Numberhelpers.swift; sourceTree = "<group>"; };
		505EFB6B1FE5A125001AC947 /* Array+MergeSort.swift */ = {isa = PBXFileReference; fileEncoding = 4; lastKnownFileType = sourcecode.swift; path = "Array+MergeSort.swift"; sourceTree = "<group>"; };
		505EFB6C1FE5A125001AC947 /* Array+HeapSort.swift */ = {isa = PBXFileReference; fileEncoding = 4; lastKnownFileType = sourcecode.swift; path = "Array+HeapSort.swift"; sourceTree = "<group>"; };
		505EFB6D1FE5A125001AC947 /* Array+IntroSort.swift */ = {isa = PBXFileReference; fileEncoding = 4; lastKnownFileType = sourcecode.swift; path = "Array+IntroSort.swift"; sourceTree = "<group>"; };
		505EFB6E1FE5A125001AC947 /* Array+InsertionSort.swift */ = {isa = PBXFileReference; fileEncoding = 4; lastKnownFileType = sourcecode.swift; path = "Array+InsertionSort.swift"; sourceTree = "<group>"; };
		505EFB701FE5A126001AC947 /* Array+QuickSort.swift */ = {isa = PBXFileReference; fileEncoding = 4; lastKnownFileType = sourcecode.swift; path = "Array+QuickSort.swift"; sourceTree = "<group>"; };
/* End PBXFileReference section */

/* Begin PBXFrameworksBuildPhase section */
		502094661FE5A0360063EEF0 /* Frameworks */ = {
			isa = PBXFrameworksBuildPhase;
			buildActionMask = 2147483647;
			files = (
			);
			runOnlyForDeploymentPostprocessing = 0;
		};
/* End PBXFrameworksBuildPhase section */

/* Begin PBXGroup section */
		502094601FE5A0360063EEF0 = {
			isa = PBXGroup;
			children = (
				5020946B1FE5A0360063EEF0 /* IntroSortCompare */,
				5020946A1FE5A0360063EEF0 /* Products */,
			);
			sourceTree = "<group>";
		};
		5020946A1FE5A0360063EEF0 /* Products */ = {
			isa = PBXGroup;
			children = (
				502094691FE5A0360063EEF0 /* IntroSortCompare */,
			);
			name = Products;
			sourceTree = "<group>";
		};
		5020946B1FE5A0360063EEF0 /* IntroSortCompare */ = {
			isa = PBXGroup;
			children = (
				505EFB661FE5A0F7001AC947 /* Helpers */,
				505EFB6C1FE5A125001AC947 /* Array+HeapSort.swift */,
				505EFB6E1FE5A125001AC947 /* Array+InsertionSort.swift */,
				505EFB6D1FE5A125001AC947 /* Array+IntroSort.swift */,
				505EFB6B1FE5A125001AC947 /* Array+MergeSort.swift */,
				505EFB701FE5A126001AC947 /* Array+QuickSort.swift */,
				5020946C1FE5A0360063EEF0 /* main.swift */,
			);
			path = IntroSortCompare;
			sourceTree = "<group>";
		};
		505EFB661FE5A0F7001AC947 /* Helpers */ = {
			isa = PBXGroup;
			children = (
				505EFB681FE5A10C001AC947 /* Numberhelpers.swift */,
				505EFB671FE5A10C001AC947 /* Xoroshiro128Plus.swift */,
			);
			path = Helpers;
			sourceTree = "<group>";
		};
/* End PBXGroup section */

/* Begin PBXNativeTarget section */
		502094681FE5A0360063EEF0 /* IntroSortCompare */ = {
			isa = PBXNativeTarget;
			buildConfigurationList = 502094701FE5A0360063EEF0 /* Build configuration list for PBXNativeTarget "IntroSortCompare" */;
			buildPhases = (
				502094651FE5A0360063EEF0 /* Sources */,
				502094661FE5A0360063EEF0 /* Frameworks */,
				502094671FE5A0360063EEF0 /* CopyFiles */,
			);
			buildRules = (
			);
			dependencies = (
			);
			name = IntroSortCompare;
			productName = IntroSortCompare;
			productReference = 502094691FE5A0360063EEF0 /* IntroSortCompare */;
			productType = "com.apple.product-type.tool";
		};
/* End PBXNativeTarget section */

/* Begin PBXProject section */
		502094611FE5A0360063EEF0 /* Project object */ = {
			isa = PBXProject;
			attributes = {
				LastSwiftUpdateCheck = 0920;
				LastUpgradeCheck = 0920;
				ORGANIZATIONNAME = "Giuseppe Lanza";
				TargetAttributes = {
					502094681FE5A0360063EEF0 = {
						CreatedOnToolsVersion = 9.2;
						ProvisioningStyle = Automatic;
					};
				};
			};
			buildConfigurationList = 502094641FE5A0360063EEF0 /* Build configuration list for PBXProject "IntroSortCompare" */;
			compatibilityVersion = "Xcode 8.0";
			developmentRegion = en;
			hasScannedForEncodings = 0;
			knownRegions = (
				en,
			);
			mainGroup = 502094601FE5A0360063EEF0;
			productRefGroup = 5020946A1FE5A0360063EEF0 /* Products */;
			projectDirPath = "";
			projectRoot = "";
			targets = (
				502094681FE5A0360063EEF0 /* IntroSortCompare */,
			);
		};
/* End PBXProject section */

/* Begin PBXSourcesBuildPhase section */
		502094651FE5A0360063EEF0 /* Sources */ = {
			isa = PBXSourcesBuildPhase;
			buildActionMask = 2147483647;
			files = (
				505EFB761FE5A126001AC947 /* Array+QuickSort.swift in Sources */,
				505EFB741FE5A126001AC947 /* Array+InsertionSort.swift in Sources */,
				5020946D1FE5A0360063EEF0 /* main.swift in Sources */,
				505EFB6A1FE5A10C001AC947 /* Numberhelpers.swift in Sources */,
				505EFB731FE5A126001AC947 /* Array+IntroSort.swift in Sources */,
				505EFB711FE5A126001AC947 /* Array+MergeSort.swift in Sources */,
				505EFB721FE5A126001AC947 /* Array+HeapSort.swift in Sources */,
				505EFB691FE5A10C001AC947 /* Xoroshiro128Plus.swift in Sources */,
			);
			runOnlyForDeploymentPostprocessing = 0;
		};
/* End PBXSourcesBuildPhase section */

/* Begin XCBuildConfiguration section */
		5020946E1FE5A0360063EEF0 /* Debug */ = {
			isa = XCBuildConfiguration;
			buildSettings = {
				ALWAYS_SEARCH_USER_PATHS = NO;
				CLANG_ANALYZER_NONNULL = YES;
				CLANG_ANALYZER_NUMBER_OBJECT_CONVERSION = YES_AGGRESSIVE;
				CLANG_CXX_LANGUAGE_STANDARD = "gnu++14";
				CLANG_CXX_LIBRARY = "libc++";
				CLANG_ENABLE_MODULES = YES;
				CLANG_ENABLE_OBJC_ARC = YES;
				CLANG_WARN_BLOCK_CAPTURE_AUTORELEASING = YES;
				CLANG_WARN_BOOL_CONVERSION = YES;
				CLANG_WARN_COMMA = YES;
				CLANG_WARN_CONSTANT_CONVERSION = YES;
				CLANG_WARN_DIRECT_OBJC_ISA_USAGE = YES_ERROR;
				CLANG_WARN_DOCUMENTATION_COMMENTS = YES;
				CLANG_WARN_EMPTY_BODY = YES;
				CLANG_WARN_ENUM_CONVERSION = YES;
				CLANG_WARN_INFINITE_RECURSION = YES;
				CLANG_WARN_INT_CONVERSION = YES;
				CLANG_WARN_NON_LITERAL_NULL_CONVERSION = YES;
				CLANG_WARN_OBJC_LITERAL_CONVERSION = YES;
				CLANG_WARN_OBJC_ROOT_CLASS = YES_ERROR;
				CLANG_WARN_RANGE_LOOP_ANALYSIS = YES;
				CLANG_WARN_STRICT_PROTOTYPES = YES;
				CLANG_WARN_SUSPICIOUS_MOVE = YES;
				CLANG_WARN_UNGUARDED_AVAILABILITY = YES_AGGRESSIVE;
				CLANG_WARN_UNREACHABLE_CODE = YES;
				CLANG_WARN__DUPLICATE_METHOD_MATCH = YES;
				CODE_SIGN_IDENTITY = "Mac Developer";
				COPY_PHASE_STRIP = NO;
				DEBUG_INFORMATION_FORMAT = dwarf;
				ENABLE_STRICT_OBJC_MSGSEND = YES;
				ENABLE_TESTABILITY = YES;
				GCC_C_LANGUAGE_STANDARD = gnu11;
				GCC_DYNAMIC_NO_PIC = NO;
				GCC_NO_COMMON_BLOCKS = YES;
				GCC_OPTIMIZATION_LEVEL = 0;
				GCC_PREPROCESSOR_DEFINITIONS = (
					"DEBUG=1",
					"$(inherited)",
				);
				GCC_WARN_64_TO_32_BIT_CONVERSION = YES;
				GCC_WARN_ABOUT_RETURN_TYPE = YES_ERROR;
				GCC_WARN_UNDECLARED_SELECTOR = YES;
				GCC_WARN_UNINITIALIZED_AUTOS = YES_AGGRESSIVE;
				GCC_WARN_UNUSED_FUNCTION = YES;
				GCC_WARN_UNUSED_VARIABLE = YES;
				MACOSX_DEPLOYMENT_TARGET = 10.13;
				MTL_ENABLE_DEBUG_INFO = YES;
				ONLY_ACTIVE_ARCH = YES;
				SDKROOT = macosx;
				SWIFT_ACTIVE_COMPILATION_CONDITIONS = DEBUG;
				SWIFT_OPTIMIZATION_LEVEL = "-Onone";
			};
			name = Debug;
		};
		5020946F1FE5A0360063EEF0 /* Release */ = {
			isa = XCBuildConfiguration;
			buildSettings = {
				ALWAYS_SEARCH_USER_PATHS = NO;
				CLANG_ANALYZER_NONNULL = YES;
				CLANG_ANALYZER_NUMBER_OBJECT_CONVERSION = YES_AGGRESSIVE;
				CLANG_CXX_LANGUAGE_STANDARD = "gnu++14";
				CLANG_CXX_LIBRARY = "libc++";
				CLANG_ENABLE_MODULES = YES;
				CLANG_ENABLE_OBJC_ARC = YES;
				CLANG_WARN_BLOCK_CAPTURE_AUTORELEASING = YES;
				CLANG_WARN_BOOL_CONVERSION = YES;
				CLANG_WARN_COMMA = YES;
				CLANG_WARN_CONSTANT_CONVERSION = YES;
				CLANG_WARN_DIRECT_OBJC_ISA_USAGE = YES_ERROR;
				CLANG_WARN_DOCUMENTATION_COMMENTS = YES;
				CLANG_WARN_EMPTY_BODY = YES;
				CLANG_WARN_ENUM_CONVERSION = YES;
				CLANG_WARN_INFINITE_RECURSION = YES;
				CLANG_WARN_INT_CONVERSION = YES;
				CLANG_WARN_NON_LITERAL_NULL_CONVERSION = YES;
				CLANG_WARN_OBJC_LITERAL_CONVERSION = YES;
				CLANG_WARN_OBJC_ROOT_CLASS = YES_ERROR;
				CLANG_WARN_RANGE_LOOP_ANALYSIS = YES;
				CLANG_WARN_STRICT_PROTOTYPES = YES;
				CLANG_WARN_SUSPICIOUS_MOVE = YES;
				CLANG_WARN_UNGUARDED_AVAILABILITY = YES_AGGRESSIVE;
				CLANG_WARN_UNREACHABLE_CODE = YES;
				CLANG_WARN__DUPLICATE_METHOD_MATCH = YES;
				CODE_SIGN_IDENTITY = "Mac Developer";
				COPY_PHASE_STRIP = NO;
				DEBUG_INFORMATION_FORMAT = "dwarf-with-dsym";
				ENABLE_NS_ASSERTIONS = NO;
				ENABLE_STRICT_OBJC_MSGSEND = YES;
				GCC_C_LANGUAGE_STANDARD = gnu11;
				GCC_NO_COMMON_BLOCKS = YES;
				GCC_WARN_64_TO_32_BIT_CONVERSION = YES;
				GCC_WARN_ABOUT_RETURN_TYPE = YES_ERROR;
				GCC_WARN_UNDECLARED_SELECTOR = YES;
				GCC_WARN_UNINITIALIZED_AUTOS = YES_AGGRESSIVE;
				GCC_WARN_UNUSED_FUNCTION = YES;
				GCC_WARN_UNUSED_VARIABLE = YES;
				MACOSX_DEPLOYMENT_TARGET = 10.13;
				MTL_ENABLE_DEBUG_INFO = NO;
				SDKROOT = macosx;
				SWIFT_OPTIMIZATION_LEVEL = "-Owholemodule";
			};
			name = Release;
		};
		502094711FE5A0360063EEF0 /* Debug */ = {
			isa = XCBuildConfiguration;
			buildSettings = {
				CODE_SIGN_STYLE = Automatic;
				DEVELOPMENT_TEAM = ZJ8CN8P2Z5;
				PRODUCT_NAME = "$(TARGET_NAME)";
				SWIFT_VERSION = 4.0;
			};
			name = Debug;
		};
		502094721FE5A0360063EEF0 /* Release */ = {
			isa = XCBuildConfiguration;
			buildSettings = {
				CODE_SIGN_STYLE = Automatic;
				DEVELOPMENT_TEAM = ZJ8CN8P2Z5;
				PRODUCT_NAME = "$(TARGET_NAME)";
				SWIFT_VERSION = 4.0;
			};
			name = Release;
		};
/* End XCBuildConfiguration section */

/* Begin XCConfigurationList section */
		502094641FE5A0360063EEF0 /* Build configuration list for PBXProject "IntroSortCompare" */ = {
			isa = XCConfigurationList;
			buildConfigurations = (
				5020946E1FE5A0360063EEF0 /* Debug */,
				5020946F1FE5A0360063EEF0 /* Release */,
			);
			defaultConfigurationIsVisible = 0;
			defaultConfigurationName = Release;
		};
		502094701FE5A0360063EEF0 /* Build configuration list for PBXNativeTarget "IntroSortCompare" */ = {
			isa = XCConfigurationList;
			buildConfigurations = (
				502094711FE5A0360063EEF0 /* Debug */,
				502094721FE5A0360063EEF0 /* Release */,
			);
			defaultConfigurationIsVisible = 0;
			defaultConfigurationName = Release;
		};
/* End XCConfigurationList section */
	};
	rootObject = 502094611FE5A0360063EEF0 /* Project object */;
}
